
Microsoft Visual Studio Solution File, Format Version 12.00
# Visual Studio Version 17
VisualStudioVersion = 17.5.33530.505
MinimumVisualStudioVersion = 10.0.40219.1
Project("{9A19103F-16F7-4668-BE54-9A1E7A4F7556}") = "RentBot", "RentBot.csproj", "{128BF699-0804-42E3-9967-4BEAA0DF16FE}"
EndProject
Project("{FAE04EC0-301F-11D3-BF4B-00C04F79EFBC}") = "RentBot.Tests", "..\RentBotTests\RentBot.Tests.csproj", "{4E2B4DA2-CC21-4BC9-A35F-CFCBCA41E2FB}"
EndProject
Global
	GlobalSection(SolutionConfigurationPlatforms) = preSolution
		Debug|Any CPU = Debug|Any CPU
		Release|Any CPU = Release|Any CPU
	EndGlobalSection
	GlobalSection(ProjectConfigurationPlatforms) = postSolution
		{128BF699-0804-42E3-9967-4BEAA0DF16FE}.Debug|Any CPU.ActiveCfg = Debug|Any CPU
		{128BF699-0804-42E3-9967-4BEAA0DF16FE}.Debug|Any CPU.Build.0 = Debug|Any CPU
		{128BF699-0804-42E3-9967-4BEAA0DF16FE}.Release|Any CPU.ActiveCfg = Release|Any CPU
		{128BF699-0804-42E3-9967-4BEAA0DF16FE}.Release|Any CPU.Build.0 = Release|Any CPU
		{4E2B4DA2-CC21-4BC9-A35F-CFCBCA41E2FB}.Debug|Any CPU.ActiveCfg = Debug|Any CPU
		{4E2B4DA2-CC21-4BC9-A35F-CFCBCA41E2FB}.Debug|Any CPU.Build.0 = Debug|Any CPU
		{4E2B4DA2-CC21-4BC9-A35F-CFCBCA41E2FB}.Release|Any CPU.ActiveCfg = Release|Any CPU
		{4E2B4DA2-CC21-4BC9-A35F-CFCBCA41E2FB}.Release|Any CPU.Build.0 = Release|Any CPU
	EndGlobalSection
	GlobalSection(SolutionProperties) = preSolution
		HideSolutionNode = FALSE
	EndGlobalSection
	GlobalSection(ExtensibilityGlobals) = postSolution
		SolutionGuid = {02333FFD-E196-47D8-A70C-9339EF22D1A1}
	EndGlobalSection
EndGlobal
